
Microsoft Visual Studio Solution File, Format Version 12.00
# Visual Studio Version 17
VisualStudioVersion = 17.9.34728.123
MinimumVisualStudioVersion = 10.0.40219.1
Project("{FAE04EC0-301F-11D3-BF4B-00C04F79EFBC}") = "CuestionarioT1", "CuestionarioT1\CuestionarioT1.csproj", "{843F756C-37E7-47C9-A903-0E0B01191FEA}"
EndProject
Global
	GlobalSection(SolutionConfigurationPlatforms) = preSolution
		Debug|Any CPU = Debug|Any CPU
		Release|Any CPU = Release|Any CPU
	EndGlobalSection
	GlobalSection(ProjectConfigurationPlatforms) = postSolution
		{843F756C-37E7-47C9-A903-0E0B01191FEA}.Debug|Any CPU.ActiveCfg = Debug|Any CPU
		{843F756C-37E7-47C9-A903-0E0B01191FEA}.Debug|Any CPU.Build.0 = Debug|Any CPU
		{843F756C-37E7-47C9-A903-0E0B01191FEA}.Release|Any CPU.ActiveCfg = Release|Any CPU
		{843F756C-37E7-47C9-A903-0E0B01191FEA}.Release|Any CPU.Build.0 = Release|Any CPU
	EndGlobalSection
	GlobalSection(SolutionProperties) = preSolution
		HideSolutionNode = FALSE
	EndGlobalSection
	GlobalSection(ExtensibilityGlobals) = postSolution
		SolutionGuid = {37151D79-AF7F-4611-B081-9D8D77B1A260}
	EndGlobalSection
EndGlobal
